
Microsoft Visual Studio Solution File, Format Version 12.00
# Visual Studio 15
VisualStudioVersion = 15.0.28307.902
MinimumVisualStudioVersion = 10.0.40219.1
Project("{FAE04EC0-301F-11D3-BF4B-00C04F79EFBC}") = "HashCodeCommon", "HashCodeCommon\HashCodeCommon.csproj", "{FE988848-3527-4FDE-A140-65CE69E2F181}"
EndProject
Project("{FAE04EC0-301F-11D3-BF4B-00C04F79EFBC}") = "2018_Qualification", "2018_Qualification\2018_Qualification.csproj", "{6E9CA3C7-5B77-41E6-B3AB-E44FD6D1E04B}"
EndProject
Project("{FAE04EC0-301F-11D3-BF4B-00C04F79EFBC}") = "2019_Qualification", "2019_Qualification\2019_Qualification.csproj", "{0480ED21-CEDE-464A-B9F7-8C35CD696889}"
EndProject
Project("{FAE04EC0-301F-11D3-BF4B-00C04F79EFBC}") = "2016_Qualification", "2016_Qualification\2016_Qualification.csproj", "{00E8E36E-5663-4A59-81A9-93C65BAE1A1B}"
EndProject
Project("{FAE04EC0-301F-11D3-BF4B-00C04F79EFBC}") = "2020_SecondPractice", "2020_SecondPractice\2020_SecondPractice.csproj", "{600E3E29-7BA7-4B89-B457-429BD1B2AD3F}"
EndProject
Project("{FAE04EC0-301F-11D3-BF4B-00C04F79EFBC}") = "2020_Qualification", "2020_Qualification\2020_Qualification.csproj", "{26E446AF-7608-4D63-A279-07810C0FEC80}"
EndProject
Project("{FAE04EC0-301F-11D3-BF4B-00C04F79EFBC}") = "2015_Qualification", "2015_Qualification\2015_Qualification.csproj", "{B3F50226-EB02-42CA-8669-B02E36944C26}"
EndProject
Global
	GlobalSection(SolutionConfigurationPlatforms) = preSolution
		Debug|Any CPU = Debug|Any CPU
		Release|Any CPU = Release|Any CPU
	EndGlobalSection
	GlobalSection(ProjectConfigurationPlatforms) = postSolution
		{FE988848-3527-4FDE-A140-65CE69E2F181}.Debug|Any CPU.ActiveCfg = Debug|Any CPU
		{FE988848-3527-4FDE-A140-65CE69E2F181}.Debug|Any CPU.Build.0 = Debug|Any CPU
		{FE988848-3527-4FDE-A140-65CE69E2F181}.Release|Any CPU.ActiveCfg = Release|Any CPU
		{FE988848-3527-4FDE-A140-65CE69E2F181}.Release|Any CPU.Build.0 = Release|Any CPU
		{6E9CA3C7-5B77-41E6-B3AB-E44FD6D1E04B}.Debug|Any CPU.ActiveCfg = Debug|Any CPU
		{6E9CA3C7-5B77-41E6-B3AB-E44FD6D1E04B}.Debug|Any CPU.Build.0 = Debug|Any CPU
		{6E9CA3C7-5B77-41E6-B3AB-E44FD6D1E04B}.Release|Any CPU.ActiveCfg = Release|Any CPU
		{6E9CA3C7-5B77-41E6-B3AB-E44FD6D1E04B}.Release|Any CPU.Build.0 = Release|Any CPU
		{0480ED21-CEDE-464A-B9F7-8C35CD696889}.Debug|Any CPU.ActiveCfg = Debug|Any CPU
		{0480ED21-CEDE-464A-B9F7-8C35CD696889}.Debug|Any CPU.Build.0 = Debug|Any CPU
		{0480ED21-CEDE-464A-B9F7-8C35CD696889}.Release|Any CPU.ActiveCfg = Release|Any CPU
		{0480ED21-CEDE-464A-B9F7-8C35CD696889}.Release|Any CPU.Build.0 = Release|Any CPU
		{00E8E36E-5663-4A59-81A9-93C65BAE1A1B}.Debug|Any CPU.ActiveCfg = Debug|Any CPU
		{00E8E36E-5663-4A59-81A9-93C65BAE1A1B}.Debug|Any CPU.Build.0 = Debug|Any CPU
		{00E8E36E-5663-4A59-81A9-93C65BAE1A1B}.Release|Any CPU.ActiveCfg = Release|Any CPU
		{00E8E36E-5663-4A59-81A9-93C65BAE1A1B}.Release|Any CPU.Build.0 = Release|Any CPU
		{600E3E29-7BA7-4B89-B457-429BD1B2AD3F}.Debug|Any CPU.ActiveCfg = Debug|Any CPU
		{600E3E29-7BA7-4B89-B457-429BD1B2AD3F}.Debug|Any CPU.Build.0 = Debug|Any CPU
		{600E3E29-7BA7-4B89-B457-429BD1B2AD3F}.Release|Any CPU.ActiveCfg = Release|Any CPU
		{600E3E29-7BA7-4B89-B457-429BD1B2AD3F}.Release|Any CPU.Build.0 = Release|Any CPU
		{26E446AF-7608-4D63-A279-07810C0FEC80}.Debug|Any CPU.ActiveCfg = Debug|Any CPU
		{26E446AF-7608-4D63-A279-07810C0FEC80}.Debug|Any CPU.Build.0 = Debug|Any CPU
		{26E446AF-7608-4D63-A279-07810C0FEC80}.Release|Any CPU.ActiveCfg = Release|Any CPU
		{26E446AF-7608-4D63-A279-07810C0FEC80}.Release|Any CPU.Build.0 = Release|Any CPU
		{B3F50226-EB02-42CA-8669-B02E36944C26}.Debug|Any CPU.ActiveCfg = Debug|Any CPU
		{B3F50226-EB02-42CA-8669-B02E36944C26}.Debug|Any CPU.Build.0 = Debug|Any CPU
		{B3F50226-EB02-42CA-8669-B02E36944C26}.Release|Any CPU.ActiveCfg = Release|Any CPU
		{B3F50226-EB02-42CA-8669-B02E36944C26}.Release|Any CPU.Build.0 = Release|Any CPU
	EndGlobalSection
	GlobalSection(SolutionProperties) = preSolution
		HideSolutionNode = FALSE
	EndGlobalSection
	GlobalSection(ExtensibilityGlobals) = postSolution
		SolutionGuid = {042425C5-2466-455D-8A73-63A241C403C5}
	EndGlobalSection
EndGlobal
